// !$*UTF8*$!
{
	archiveVersion = 1;
	classes = {
	};
	objectVersion = 50;
	objects = {

/* Begin PBXBuildFile section */
		3C6310932536A483005B712D /* TransitionViewController.swift in Sources */ = {isa = PBXBuildFile; fileRef = 3C6310922536A483005B712D /* TransitionViewController.swift */; };
		3C6310962536A59F005B712D /* TranstionCell.swift in Sources */ = {isa = PBXBuildFile; fileRef = 3C6310952536A59F005B712D /* TranstionCell.swift */; };
		3C99A6F8254590740018160F /* NavigationViewController.swift in Sources */ = {isa = PBXBuildFile; fileRef = 3C99A6F7254590740018160F /* NavigationViewController.swift */; };
		3CCA2700252D76B100853FA2 /* MenuCell.swift in Sources */ = {isa = PBXBuildFile; fileRef = 3CCA26FF252D76B100853FA2 /* MenuCell.swift */; };
		3CF2EA9B252CE50A00A853CC /* LoaderVC.swift in Sources */ = {isa = PBXBuildFile; fileRef = 3CF2EA9A252CE50A00A853CC /* LoaderVC.swift */; };
		3CFF34A6252C189600C5B086 /* AppDelegate.swift in Sources */ = {isa = PBXBuildFile; fileRef = 3CFF34A5252C189600C5B086 /* AppDelegate.swift */; };
		3CFF34A8252C189600C5B086 /* SceneDelegate.swift in Sources */ = {isa = PBXBuildFile; fileRef = 3CFF34A7252C189600C5B086 /* SceneDelegate.swift */; };
		3CFF34AA252C189600C5B086 /* ViewController.swift in Sources */ = {isa = PBXBuildFile; fileRef = 3CFF34A9252C189600C5B086 /* ViewController.swift */; };
		3CFF34AD252C189600C5B086 /* Main.storyboard in Resources */ = {isa = PBXBuildFile; fileRef = 3CFF34AB252C189600C5B086 /* Main.storyboard */; };
		3CFF34AF252C189700C5B086 /* Assets.xcassets in Resources */ = {isa = PBXBuildFile; fileRef = 3CFF34AE252C189700C5B086 /* Assets.xcassets */; };
		3CFF34B2252C189700C5B086 /* LaunchScreen.storyboard in Resources */ = {isa = PBXBuildFile; fileRef = 3CFF34B0252C189700C5B086 /* LaunchScreen.storyboard */; };
/* End PBXBuildFile section */

/* Begin PBXFileReference section */
		3C6310922536A483005B712D /* TransitionViewController.swift */ = {isa = PBXFileReference; lastKnownFileType = sourcecode.swift; path = TransitionViewController.swift; sourceTree = "<group>"; };
		3C6310952536A59F005B712D /* TranstionCell.swift */ = {isa = PBXFileReference; lastKnownFileType = sourcecode.swift; path = TranstionCell.swift; sourceTree = "<group>"; };
		3C99A6F7254590740018160F /* NavigationViewController.swift */ = {isa = PBXFileReference; lastKnownFileType = sourcecode.swift; path = NavigationViewController.swift; sourceTree = "<group>"; };
		3CCA26FF252D76B100853FA2 /* MenuCell.swift */ = {isa = PBXFileReference; lastKnownFileType = sourcecode.swift; path = MenuCell.swift; sourceTree = "<group>"; };
		3CF2EA9A252CE50A00A853CC /* LoaderVC.swift */ = {isa = PBXFileReference; lastKnownFileType = sourcecode.swift; path = LoaderVC.swift; sourceTree = "<group>"; };
		3CFF34A2252C189600C5B086 /* AnimateX.app */ = {isa = PBXFileReference; explicitFileType = wrapper.application; includeInIndex = 0; path = AnimateX.app; sourceTree = BUILT_PRODUCTS_DIR; };
		3CFF34A5252C189600C5B086 /* AppDelegate.swift */ = {isa = PBXFileReference; lastKnownFileType = sourcecode.swift; path = AppDelegate.swift; sourceTree = "<group>"; };
		3CFF34A7252C189600C5B086 /* SceneDelegate.swift */ = {isa = PBXFileReference; lastKnownFileType = sourcecode.swift; path = SceneDelegate.swift; sourceTree = "<group>"; };
		3CFF34A9252C189600C5B086 /* ViewController.swift */ = {isa = PBXFileReference; lastKnownFileType = sourcecode.swift; path = ViewController.swift; sourceTree = "<group>"; };
		3CFF34AC252C189600C5B086 /* Base */ = {isa = PBXFileReference; lastKnownFileType = file.storyboard; name = Base; path = Base.lproj/Main.storyboard; sourceTree = "<group>"; };
		3CFF34AE252C189700C5B086 /* Assets.xcassets */ = {isa = PBXFileReference; lastKnownFileType = folder.assetcatalog; path = Assets.xcassets; sourceTree = "<group>"; };
		3CFF34B1252C189700C5B086 /* Base */ = {isa = PBXFileReference; lastKnownFileType = file.storyboard; name = Base; path = Base.lproj/LaunchScreen.storyboard; sourceTree = "<group>"; };
		3CFF34B3252C189700C5B086 /* Info.plist */ = {isa = PBXFileReference; lastKnownFileType = text.plist.xml; path = Info.plist; sourceTree = "<group>"; };
/* End PBXFileReference section */

/* Begin PBXFrameworksBuildPhase section */
		3CFF349F252C189600C5B086 /* Frameworks */ = {
			isa = PBXFrameworksBuildPhase;
			buildActionMask = 2147483647;
			files = (
			);
			runOnlyForDeploymentPostprocessing = 0;
		};
/* End PBXFrameworksBuildPhase section */

/* Begin PBXGroup section */
		3C99A6EC2545818D0018160F /* Core */ = {
			isa = PBXGroup;
			children = (
				3CFF34A5252C189600C5B086 /* AppDelegate.swift */,
				3CFF34A7252C189600C5B086 /* SceneDelegate.swift */,
			);
			path = Core;
			sourceTree = "<group>";
		};
		3C99A6ED254581950018160F /* Controller */ = {
			isa = PBXGroup;
			children = (
				3CFF34A9252C189600C5B086 /* ViewController.swift */,
				3C6310922536A483005B712D /* TransitionViewController.swift */,
				3CF2EA9A252CE50A00A853CC /* LoaderVC.swift */,
				3C99A6F7254590740018160F /* NavigationViewController.swift */,
			);
			path = Controller;
			sourceTree = "<group>";
		};
		3C99A6EE2545819E0018160F /* storyboard */ = {
			isa = PBXGroup;
			children = (
				3CFF34B0252C189700C5B086 /* LaunchScreen.storyboard */,
				3CFF34AB252C189600C5B086 /* Main.storyboard */,
			);
			path = storyboard;
			sourceTree = "<group>";
		};
		3C99A6EF254581AA0018160F /* Utils */ = {
			isa = PBXGroup;
			children = (
			);
			path = Utils;
			sourceTree = "<group>";
		};
		3C99A6F0254581C60018160F /* Cell */ = {
			isa = PBXGroup;
			children = (
				3CCA26FF252D76B100853FA2 /* MenuCell.swift */,
				3C6310952536A59F005B712D /* TranstionCell.swift */,
			);
			path = Cell;
			sourceTree = "<group>";
		};
		3C99A6F1254581E40018160F /* Animations */ = {
			isa = PBXGroup;
			children = (
			);
			path = Animations;
			sourceTree = "<group>";
		};
		3CFF3499252C189600C5B086 = {
			isa = PBXGroup;
			children = (
				3CFF34A4252C189600C5B086 /* AnimateX */,
				3CFF34A3252C189600C5B086 /* Products */,
			);
			sourceTree = "<group>";
		};
		3CFF34A3252C189600C5B086 /* Products */ = {
			isa = PBXGroup;
			children = (
				3CFF34A2252C189600C5B086 /* AnimateX.app */,
			);
			name = Products;
			sourceTree = "<group>";
		};
		3CFF34A4252C189600C5B086 /* AnimateX */ = {
			isa = PBXGroup;
			children = (
				3C99A6EC2545818D0018160F /* Core */,
				3C99A6EF254581AA0018160F /* Utils */,
				3C99A6F1254581E40018160F /* Animations */,
				3C99A6F0254581C60018160F /* Cell */,
				3C99A6EE2545819E0018160F /* storyboard */,
				3C99A6ED254581950018160F /* Controller */,
				3CFF34AE252C189700C5B086 /* Assets.xcassets */,
				3CFF34B3252C189700C5B086 /* Info.plist */,
			);
			path = AnimateX;
			sourceTree = "<group>";
		};
/* End PBXGroup section */

/* Begin PBXNativeTarget section */
		3CFF34A1252C189600C5B086 /* AnimateX */ = {
			isa = PBXNativeTarget;
			buildConfigurationList = 3CFF34B6252C189700C5B086 /* Build configuration list for PBXNativeTarget "AnimateX" */;
			buildPhases = (
				3CFF349E252C189600C5B086 /* Sources */,
				3CFF349F252C189600C5B086 /* Frameworks */,
				3CFF34A0252C189600C5B086 /* Resources */,
			);
			buildRules = (
			);
			dependencies = (
			);
			name = AnimateX;
			productName = AnimateX;
			productReference = 3CFF34A2252C189600C5B086 /* AnimateX.app */;
			productType = "com.apple.product-type.application";
		};
/* End PBXNativeTarget section */

/* Begin PBXProject section */
		3CFF349A252C189600C5B086 /* Project object */ = {
			isa = PBXProject;
			attributes = {
				LastSwiftUpdateCheck = 1200;
				LastUpgradeCheck = 1200;
				TargetAttributes = {
					3CFF34A1252C189600C5B086 = {
						CreatedOnToolsVersion = 12.0;
					};
				};
			};
			buildConfigurationList = 3CFF349D252C189600C5B086 /* Build configuration list for PBXProject "AnimateX" */;
			compatibilityVersion = "Xcode 9.3";
			developmentRegion = en;
			hasScannedForEncodings = 0;
			knownRegions = (
				en,
				Base,
			);
			mainGroup = 3CFF3499252C189600C5B086;
			productRefGroup = 3CFF34A3252C189600C5B086 /* Products */;
			projectDirPath = "";
			projectRoot = "";
			targets = (
				3CFF34A1252C189600C5B086 /* AnimateX */,
			);
		};
/* End PBXProject section */

/* Begin PBXResourcesBuildPhase section */
		3CFF34A0252C189600C5B086 /* Resources */ = {
			isa = PBXResourcesBuildPhase;
			buildActionMask = 2147483647;
			files = (
				3CFF34B2252C189700C5B086 /* LaunchScreen.storyboard in Resources */,
				3CFF34AF252C189700C5B086 /* Assets.xcassets in Resources */,
				3CFF34AD252C189600C5B086 /* Main.storyboard in Resources */,
			);
			runOnlyForDeploymentPostprocessing = 0;
		};
/* End PBXResourcesBuildPhase section */

/* Begin PBXSourcesBuildPhase section */
		3CFF349E252C189600C5B086 /* Sources */ = {
			isa = PBXSourcesBuildPhase;
			buildActionMask = 2147483647;
			files = (
				3C99A6F8254590740018160F /* NavigationViewController.swift in Sources */,
				3C6310962536A59F005B712D /* TranstionCell.swift in Sources */,
				3CFF34AA252C189600C5B086 /* ViewController.swift in Sources */,
				3CFF34A6252C189600C5B086 /* AppDelegate.swift in Sources */,
				3CCA2700252D76B100853FA2 /* MenuCell.swift in Sources */,
				3CF2EA9B252CE50A00A853CC /* LoaderVC.swift in Sources */,
				3C6310932536A483005B712D /* TransitionViewController.swift in Sources */,
				3CFF34A8252C189600C5B086 /* SceneDelegate.swift in Sources */,
			);
			runOnlyForDeploymentPostprocessing = 0;
		};
/* End PBXSourcesBuildPhase section */

/* Begin PBXVariantGroup section */
		3CFF34AB252C189600C5B086 /* Main.storyboard */ = {
			isa = PBXVariantGroup;
			children = (
				3CFF34AC252C189600C5B086 /* Base */,
			);
			name = Main.storyboard;
			sourceTree = "<group>";
		};
		3CFF34B0252C189700C5B086 /* LaunchScreen.storyboard */ = {
			isa = PBXVariantGroup;
			children = (
				3CFF34B1252C189700C5B086 /* Base */,
			);
			name = LaunchScreen.storyboard;
			sourceTree = "<group>";
		};
/* End PBXVariantGroup section */

/* Begin XCBuildConfiguration section */
		3CFF34B4252C189700C5B086 /* Debug */ = {
			isa = XCBuildConfiguration;
			buildSettings = {
				ALWAYS_SEARCH_USER_PATHS = NO;
				CLANG_ANALYZER_NONNULL = YES;
				CLANG_ANALYZER_NUMBER_OBJECT_CONVERSION = YES_AGGRESSIVE;
				CLANG_CXX_LANGUAGE_STANDARD = "gnu++14";
				CLANG_CXX_LIBRARY = "libc++";
				CLANG_ENABLE_MODULES = YES;
				CLANG_ENABLE_OBJC_ARC = YES;
				CLANG_ENABLE_OBJC_WEAK = YES;
				CLANG_WARN_BLOCK_CAPTURE_AUTORELEASING = YES;
				CLANG_WARN_BOOL_CONVERSION = YES;
				CLANG_WARN_COMMA = YES;
				CLANG_WARN_CONSTANT_CONVERSION = YES;
				CLANG_WARN_DEPRECATED_OBJC_IMPLEMENTATIONS = YES;
				CLANG_WARN_DIRECT_OBJC_ISA_USAGE = YES_ERROR;
				CLANG_WARN_DOCUMENTATION_COMMENTS = YES;
				CLANG_WARN_EMPTY_BODY = YES;
				CLANG_WARN_ENUM_CONVERSION = YES;
				CLANG_WARN_INFINITE_RECURSION = YES;
				CLANG_WARN_INT_CONVERSION = YES;
				CLANG_WARN_NON_LITERAL_NULL_CONVERSION = YES;
				CLANG_WARN_OBJC_IMPLICIT_RETAIN_SELF = YES;
				CLANG_WARN_OBJC_LITERAL_CONVERSION = YES;
				CLANG_WARN_OBJC_ROOT_CLASS = YES_ERROR;
				CLANG_WARN_QUOTED_INCLUDE_IN_FRAMEWORK_HEADER = YES;
				CLANG_WARN_RANGE_LOOP_ANALYSIS = YES;
				CLANG_WARN_STRICT_PROTOTYPES = YES;
				CLANG_WARN_SUSPICIOUS_MOVE = YES;
				CLANG_WARN_UNGUARDED_AVAILABILITY = YES_AGGRESSIVE;
				CLANG_WARN_UNREACHABLE_CODE = YES;
				CLANG_WARN__DUPLICATE_METHOD_MATCH = YES;
				COPY_PHASE_STRIP = NO;
				DEBUG_INFORMATION_FORMAT = dwarf;
				ENABLE_STRICT_OBJC_MSGSEND = YES;
				ENABLE_TESTABILITY = YES;
				GCC_C_LANGUAGE_STANDARD = gnu11;
				GCC_DYNAMIC_NO_PIC = NO;
				GCC_NO_COMMON_BLOCKS = YES;
				GCC_OPTIMIZATION_LEVEL = 0;
				GCC_PREPROCESSOR_DEFINITIONS = (
					"DEBUG=1",
					"$(inherited)",
				);
				GCC_WARN_64_TO_32_BIT_CONVERSION = YES;
				GCC_WARN_ABOUT_RETURN_TYPE = YES_ERROR;
				GCC_WARN_UNDECLARED_SELECTOR = YES;
				GCC_WARN_UNINITIALIZED_AUTOS = YES_AGGRESSIVE;
				GCC_WARN_UNUSED_FUNCTION = YES;
				GCC_WARN_UNUSED_VARIABLE = YES;
				IPHONEOS_DEPLOYMENT_TARGET = 14.0;
				MTL_ENABLE_DEBUG_INFO = INCLUDE_SOURCE;
				MTL_FAST_MATH = YES;
				ONLY_ACTIVE_ARCH = YES;
				SDKROOT = iphoneos;
				SWIFT_ACTIVE_COMPILATION_CONDITIONS = DEBUG;
				SWIFT_OPTIMIZATION_LEVEL = "-Onone";
			};
			name = Debug;
		};
		3CFF34B5252C189700C5B086 /* Release */ = {
			isa = XCBuildConfiguration;
			buildSettings = {
				ALWAYS_SEARCH_USER_PATHS = NO;
				CLANG_ANALYZER_NONNULL = YES;
				CLANG_ANALYZER_NUMBER_OBJECT_CONVERSION = YES_AGGRESSIVE;
				CLANG_CXX_LANGUAGE_STANDARD = "gnu++14";
				CLANG_CXX_LIBRARY = "libc++";
				CLANG_ENABLE_MODULES = YES;
				CLANG_ENABLE_OBJC_ARC = YES;
				CLANG_ENABLE_OBJC_WEAK = YES;
				CLANG_WARN_BLOCK_CAPTURE_AUTORELEASING = YES;
				CLANG_WARN_BOOL_CONVERSION = YES;
				CLANG_WARN_COMMA = YES;
				CLANG_WARN_CONSTANT_CONVERSION = YES;
				CLANG_WARN_DEPRECATED_OBJC_IMPLEMENTATIONS = YES;
				CLANG_WARN_DIRECT_OBJC_ISA_USAGE = YES_ERROR;
				CLANG_WARN_DOCUMENTATION_COMMENTS = YES;
				CLANG_WARN_EMPTY_BODY = YES;
				CLANG_WARN_ENUM_CONVERSION = YES;
				CLANG_WARN_INFINITE_RECURSION = YES;
				CLANG_WARN_INT_CONVERSION = YES;
				CLANG_WARN_NON_LITERAL_NULL_CONVERSION = YES;
				CLANG_WARN_OBJC_IMPLICIT_RETAIN_SELF = YES;
				CLANG_WARN_OBJC_LITERAL_CONVERSION = YES;
				CLANG_WARN_OBJC_ROOT_CLASS = YES_ERROR;
				CLANG_WARN_QUOTED_INCLUDE_IN_FRAMEWORK_HEADER = YES;
				CLANG_WARN_RANGE_LOOP_ANALYSIS = YES;
				CLANG_WARN_STRICT_PROTOTYPES = YES;
				CLANG_WARN_SUSPICIOUS_MOVE = YES;
				CLANG_WARN_UNGUARDED_AVAILABILITY = YES_AGGRESSIVE;
				CLANG_WARN_UNREACHABLE_CODE = YES;
				CLANG_WARN__DUPLICATE_METHOD_MATCH = YES;
				COPY_PHASE_STRIP = NO;
				DEBUG_INFORMATION_FORMAT = "dwarf-with-dsym";
				ENABLE_NS_ASSERTIONS = NO;
				ENABLE_STRICT_OBJC_MSGSEND = YES;
				GCC_C_LANGUAGE_STANDARD = gnu11;
				GCC_NO_COMMON_BLOCKS = YES;
				GCC_WARN_64_TO_32_BIT_CONVERSION = YES;
				GCC_WARN_ABOUT_RETURN_TYPE = YES_ERROR;
				GCC_WARN_UNDECLARED_SELECTOR = YES;
				GCC_WARN_UNINITIALIZED_AUTOS = YES_AGGRESSIVE;
				GCC_WARN_UNUSED_FUNCTION = YES;
				GCC_WARN_UNUSED_VARIABLE = YES;
				IPHONEOS_DEPLOYMENT_TARGET = 14.0;
				MTL_ENABLE_DEBUG_INFO = NO;
				MTL_FAST_MATH = YES;
				SDKROOT = iphoneos;
				SWIFT_COMPILATION_MODE = wholemodule;
				SWIFT_OPTIMIZATION_LEVEL = "-O";
				VALIDATE_PRODUCT = YES;
			};
			name = Release;
		};
		3CFF34B7252C189700C5B086 /* Debug */ = {
			isa = XCBuildConfiguration;
			buildSettings = {
				ASSETCATALOG_COMPILER_APPICON_NAME = AppIcon;
				ASSETCATALOG_COMPILER_GLOBAL_ACCENT_COLOR_NAME = AccentColor;
				CODE_SIGN_STYLE = Automatic;
				INFOPLIST_FILE = AnimateX/Info.plist;
				LD_RUNPATH_SEARCH_PATHS = (
					"$(inherited)",
					"@executable_path/Frameworks",
				);
				PRODUCT_BUNDLE_IDENTIFIER = com.ravi.AnimateX;
				PRODUCT_NAME = "$(TARGET_NAME)";
				SWIFT_VERSION = 5.0;
				TARGETED_DEVICE_FAMILY = "1,2";
			};
			name = Debug;
		};
		3CFF34B8252C189700C5B086 /* Release */ = {
			isa = XCBuildConfiguration;
			buildSettings = {
				ASSETCATALOG_COMPILER_APPICON_NAME = AppIcon;
				ASSETCATALOG_COMPILER_GLOBAL_ACCENT_COLOR_NAME = AccentColor;
				CODE_SIGN_STYLE = Automatic;
				INFOPLIST_FILE = AnimateX/Info.plist;
				LD_RUNPATH_SEARCH_PATHS = (
					"$(inherited)",
					"@executable_path/Frameworks",
				);
				PRODUCT_BUNDLE_IDENTIFIER = com.ravi.AnimateX;
				PRODUCT_NAME = "$(TARGET_NAME)";
				SWIFT_VERSION = 5.0;
				TARGETED_DEVICE_FAMILY = "1,2";
			};
			name = Release;
		};
/* End XCBuildConfiguration section */

/* Begin XCConfigurationList section */
		3CFF349D252C189600C5B086 /* Build configuration list for PBXProject "AnimateX" */ = {
			isa = XCConfigurationList;
			buildConfigurations = (
				3CFF34B4252C189700C5B086 /* Debug */,
				3CFF34B5252C189700C5B086 /* Release */,
			);
			defaultConfigurationIsVisible = 0;
			defaultConfigurationName = Release;
		};
		3CFF34B6252C189700C5B086 /* Build configuration list for PBXNativeTarget "AnimateX" */ = {
			isa = XCConfigurationList;
			buildConfigurations = (
				3CFF34B7252C189700C5B086 /* Debug */,
				3CFF34B8252C189700C5B086 /* Release */,
			);
			defaultConfigurationIsVisible = 0;
			defaultConfigurationName = Release;
		};
/* End XCConfigurationList section */
	};
	rootObject = 3CFF349A252C189600C5B086 /* Project object */;
}
